{
  "version": 4,
  "terraform_version": "0.14.3",
  "serial": 13,
  "lineage": "4009fddd-088c-8cd0-a4ce-2c239ed83c5e",
  "outputs": {
    "jenkins_instance_id": {
      "value": "i-049b36967a1463d07",
      "type": "string"
    },
    "jenkins_instance_security_group_id": {
      "value": "sg-0d59f5f6520104a02",
      "type": "string"
    },
    "jenkins_url": {
      "value": "http://54.196.162.58:8080",
      "type": "string"
    },
    "key_pair": {
      "value": "-----BEGIN RSA PRIVATE KEY-----\nMIIEpAIBAAKCAQEA2V3SOMYSsV3UCNy7DjEr5tN/tiDtpoU62Toqtx6XR6oFU/ac\nbu+qV4M9tfFOErWhBcEEkHxrL9nvRCNeewPf4CHYGLIR8yup0hUZcqGDFpdRi1Y3\nBdub6dQm6Dc0POwlNPuKaM/JC5NIrGY3q20sEl/d/56XCNbFFL+aGW7q/kXQndLH\nC9MhwQtJEuDhoqIPyuR075wY/+d3ccYudijVbwuWDJ5sizuvpbhL8gQyM4Omjsic\n00DvrmfLjXhH0gfVJicNezfyAe9CREUrfVQ5vrSEEqy3FeCBq9+4A0Q3uogCS2al\nakug8LjOmb5IzldhM65RTCHiHHRpFcsSxONTYwIDAQABAoIBAQC1ZZqeTo4i/o6I\npsxj150vkKkvsOMi6GRoDCbBkwHkiHrRyyhZXCDnz1qcj7f73R930dChU3OQB2up\njWq3dlBKl3PjiBd6u6GI9Jq8ExV2sOkYQubAOLkwth+SAx/RB7E1OgYT2fOJeWxY\nkyU6Jm11GBQH0q1wbushmZRcTThG4SqhNdn0lwMoX4EEk4tF8GJ89sQQLBZ4yQOV\n3Xwqltge5fV4ovjdFN7JzM42AsjkStz4M9USZFIrLXXKgVji0ClXlrbHiaBGnZLK\nGyFyshK/GicJeCSbNZXiJuj6x6ng9qP/Zaet+h+K4J5fT5FiTV62dMW6VFxXP69I\ndgM0kRcBAoGBAOeFbNRmkCVBTDFteOrivSkSyxzy9YQ/8MQhdB1EM/y3smCD6IcC\n3o8iDtAq71LnAr6Tcfc7Wwqmb/aRHOVzIFLSFDNAtvlbMIOo+SooVN4+kAOLcJUu\nVhGWUnnc9h+w4n8GOGCQACFNAY4MMIKWE3FbZBv2/tL2rY4Zu80iEWvhAoGBAPBZ\nRXLUqfIJJG8B5S8ntwcfVPjEPM1iCFrCUfIAkdhe/BkGgi00RUF5GqoHcle/mFw3\n/1ERMrGjhVFALQKaBtnI7H8hZPGcQGUcrso9hWOLw+/4MdzM//6ftIvmAdT4BpZS\nHFFhUSVValUEffzOsSmM0dsXfa9TLhUU3JJVCwfDAoGAGoxPNW/pWYxKS2StN+n2\nHO6dwd0OUDLwzdy0LuLyPyllV/HoSQsIMEuMfUxfExeQVgAcUmhJAUiikBiFwr3X\n2Adk75edI6zUPFS09aOYT7/GzdFAgKrGjc+592ViB7JF1qEE9/WrPiZRZlN5gI/q\n/NWo/hftko1cy22h/lzIuKECgYAVl++lYXXjSO79Ci6NDgRjn20C7J6J1UTq4op6\nM5Lm3aHInc0UQp32Q+shW4nqWExX/K/zmJf1XbuckSd6FFyJNIQK5/Upv+AJNYp+\noQha6TOxW5sfO0vElJSj/QYtHBt7ZeUlapjfwczL1pt7GxbPpNc11+Zy2gZJ3pXy\nj7FuAQKBgQCeVns4m2YFDjx26TWGrf04IP4XsEZXMsokC5DmJVFzrGFP6jOd9kG5\n9yUhEi9VkmyUX7EePh8DELpmAu2+4c+f+VSr3x1apv6BUzz6dd8EdB5diXAmDbOk\nTkFJtvyY8HHBxYonCBkZTNQ6v45L0lrY/vtaGLGx4hc7X0DVjD7zog==\n-----END RSA PRIVATE KEY-----\n",
      "type": "string"
    },
    "public_ip": {
      "value": "54.196.162.58",
      "type": "string"
    },
    "s3_bucket_production": {
      "value": "es-unir-production-s3-28247-artifacts",
      "type": "string"
    },
    "s3_bucket_staging": {
      "value": "es-unir-staging-s3-28247-artifacts",
      "type": "string"
    },
    "ssh_connection": {
      "value": "ssh -i resources/key.pem ec2-user@54.196.162.58",
      "type": "string"
    }
  },
  "resources": [
    {
      "mode": "data",
      "type": "http",
      "name": "myip",
      "provider": "provider[\"registry.terraform.io/hashicorp/http\"]",
      "instances": [
        {
          "schema_version": 0,
          "attributes": {
            "body": "34.234.236.105\n",
            "id": "http://ipv4.icanhazip.com",
            "request_headers": null,
            "response_headers": {
              "Access-Control-Allow-Methods": "GET",
              "Access-Control-Allow-Origin": "*",
              "Alt-Svc": "h3-27=\":443\"; ma=86400, h3-28=\":443\"; ma=86400, h3-29=\":443\"; ma=86400, h3=\":443\"; ma=86400",
              "Cf-Ray": "65e6dab04daa5dc2-IAD",
              "Cf-Request-Id": "0aa427023200005dc21a99b000000001",
              "Connection": "keep-alive",
              "Content-Length": "15",
              "Content-Type": "text/plain",
              "Date": "Sat, 12 Jun 2021 23:28:12 GMT",
              "Server": "cloudflare",
              "Set-Cookie": "__cf_bm=964db4a028e34813096868aa716fb0cfeee1e385-1623540492-1800-AYvzlRTTSqJT6Bvw0xIXmNmfOfX6kCrLS/p0TcQ45nOvCYsHSZQnGmta5kReDYRXalTAjUNAjTbH/s09Alhbcmo=; path=/; expires=Sat, 12-Jun-21 23:58:12 GMT; domain=.icanhazip.com; HttpOnly; SameSite=None",
              "Vary": "Accept-Encoding"
            },
            "url": "http://ipv4.icanhazip.com"
          },
          "sensitive_attributes": []
        }
      ]
    },
    {
      "mode": "managed",
      "type": "aws_default_security_group",
      "name": "default",
      "provider": "provider[\"registry.terraform.io/hashicorp/aws\"]",
      "instances": [
        {
          "schema_version": 1,
          "attributes": {
            "arn": "arn:aws:ec2:us-east-1:222923733616:security-group/sg-9022f793",
            "description": "default VPC security group",
            "egress": [
              {
                "cidr_blocks": [
                  "0.0.0.0/0"
                ],
                "description": "",
                "from_port": 0,
                "ipv6_cidr_blocks": [],
                "prefix_list_ids": [],
                "protocol": "-1",
                "security_groups": [],
                "self": false,
                "to_port": 0
              }
            ],
            "id": "sg-9022f793",
            "ingress": [
              {
                "cidr_blocks": [],
                "description": "",
                "from_port": 0,
                "ipv6_cidr_blocks": [],
                "prefix_list_ids": [],
                "protocol": "-1",
                "security_groups": [],
                "self": true,
                "to_port": 0
              }
            ],
            "name": "default",
            "owner_id": "222923733616",
            "revoke_rules_on_delete": false,
            "tags": null,
            "tags_all": {},
            "vpc_id": "vpc-8b9615f6"
          },
          "sensitive_attributes": [],
          "private": "eyJzY2hlbWFfdmVyc2lvbiI6IjEifQ==",
          "dependencies": [
            "aws_default_vpc.default"
          ]
        }
      ]
    },
    {
      "mode": "managed",
      "type": "aws_default_subnet",
      "name": "default_az1",
      "provider": "provider[\"registry.terraform.io/hashicorp/aws\"]",
      "instances": [
        {
          "schema_version": 1,
          "attributes": {
            "arn": "arn:aws:ec2:us-east-1:222923733616:subnet/subnet-3f89f960",
            "assign_ipv6_address_on_creation": false,
            "availability_zone": "us-east-1a",
            "availability_zone_id": "use1-az6",
            "cidr_block": "172.31.32.0/20",
            "customer_owned_ipv4_pool": "",
            "id": "subnet-3f89f960",
            "ipv6_cidr_block": "",
            "ipv6_cidr_block_association_id": "",
            "map_customer_owned_ip_on_launch": false,
            "map_public_ip_on_launch": true,
            "outpost_arn": "",
            "owner_id": "222923733616",
            "tags": {
              "Name": "Default subnet for us-east-1a"
            },
            "tags_all": {
              "Name": "Default subnet for us-east-1a"
            },
            "timeouts": null,
            "vpc_id": "vpc-8b9615f6"
          },
          "sensitive_attributes": [],
          "private": "eyJlMmJmYjczMC1lY2FhLTExZTYtOGY4OC0zNDM2M2JjN2M0YzAiOnsiY3JlYXRlIjo2MDAwMDAwMDAwMDAsImRlbGV0ZSI6MTIwMDAwMDAwMDAwMH0sInNjaGVtYV92ZXJzaW9uIjoiMSJ9"
        }
      ]
    },
    {
      "mode": "managed",
      "type": "aws_default_vpc",
      "name": "default",
      "provider": "provider[\"registry.terraform.io/hashicorp/aws\"]",
      "instances": [
        {
          "schema_version": 1,
          "attributes": {
            "arn": "arn:aws:ec2:us-east-1:222923733616:vpc/vpc-8b9615f6",
            "assign_generated_ipv6_cidr_block": false,
            "cidr_block": "172.31.0.0/16",
            "default_network_acl_id": "acl-f5cd2789",
            "default_route_table_id": "rtb-843d33fa",
            "default_security_group_id": "sg-9022f793",
            "dhcp_options_id": "dopt-7d250907",
            "enable_classiclink": false,
            "enable_classiclink_dns_support": false,
            "enable_dns_hostnames": true,
            "enable_dns_support": true,
            "id": "vpc-8b9615f6",
            "instance_tenancy": "default",
            "ipv6_association_id": "",
            "ipv6_cidr_block": "",
            "main_route_table_id": "rtb-843d33fa",
            "owner_id": "222923733616",
            "tags": {
              "Name": "Default VPC"
            },
            "tags_all": {
              "Name": "Default VPC"
            }
          },
          "sensitive_attributes": [],
          "private": "eyJzY2hlbWFfdmVyc2lvbiI6IjEifQ=="
        }
      ]
    },
    {
      "mode": "managed",
      "type": "aws_instance",
      "name": "jenkins",
      "provider": "provider[\"registry.terraform.io/hashicorp/aws\"]",
      "instances": [
        {
          "schema_version": 1,
          "attributes": {
            "ami": "ami-0c429fe566b360025",
            "arn": "arn:aws:ec2:us-east-1:222923733616:instance/i-049b36967a1463d07",
            "associate_public_ip_address": true,
            "availability_zone": "us-east-1c",
            "capacity_reservation_specification": [
              {
                "capacity_reservation_preference": "open",
                "capacity_reservation_target": []
              }
            ],
            "cpu_core_count": 1,
            "cpu_threads_per_core": 1,
            "credit_specification": [
              {
                "cpu_credits": "standard"
              }
            ],
            "disable_api_termination": false,
            "ebs_block_device": [],
            "ebs_optimized": false,
            "enclave_options": [
              {
                "enabled": false
              }
            ],
            "ephemeral_block_device": [],
            "get_password_data": false,
            "hibernation": false,
            "host_id": null,
            "iam_instance_profile": "",
            "id": "i-049b36967a1463d07",
            "instance_initiated_shutdown_behavior": "stop",
            "instance_state": "running",
            "instance_type": "t2.small",
            "ipv6_address_count": 0,
            "ipv6_addresses": [],
            "key_name": "es-unir-keypair-28247",
            "metadata_options": [
              {
                "http_endpoint": "enabled",
                "http_put_response_hop_limit": 1,
                "http_tokens": "optional"
              }
            ],
            "monitoring": false,
            "network_interface": [],
            "outpost_arn": "",
            "password_data": "",
            "placement_group": "",
            "primary_network_interface_id": "eni-07d26b003b4a7737f",
            "private_dns": "ip-172-31-91-27.ec2.internal",
            "private_ip": "172.31.91.27",
            "public_dns": "ec2-54-196-162-58.compute-1.amazonaws.com",
            "public_ip": "54.196.162.58",
            "root_block_device": [
              {
                "delete_on_termination": true,
                "device_name": "/dev/sda1",
                "encrypted": false,
                "iops": 100,
                "kms_key_id": "",
                "tags": {},
                "throughput": 0,
                "volume_id": "vol-01f094f0ad6fa1547",
                "volume_size": 18,
                "volume_type": "gp2"
              }
            ],
            "secondary_private_ips": [],
            "security_groups": [
              "es-unir-ec2-jenkins-all-traffic-28247"
            ],
            "source_dest_check": true,
            "subnet_id": "subnet-0b18652a",
            "tags": {
              "Name": "es-unir-ec2-production-jenkins-server-28247"
            },
            "tags_all": {
              "Name": "es-unir-ec2-production-jenkins-server-28247"
            },
            "tenancy": "default",
            "timeouts": null,
            "user_data": null,
            "user_data_base64": null,
            "volume_tags": null,
            "vpc_security_group_ids": [
              "sg-0d59f5f6520104a02"
            ]
          },
          "sensitive_attributes": [],
          "private": "eyJlMmJmYjczMC1lY2FhLTExZTYtOGY4OC0zNDM2M2JjN2M0YzAiOnsiY3JlYXRlIjo2MDAwMDAwMDAwMDAsImRlbGV0ZSI6MTIwMDAwMDAwMDAwMCwidXBkYXRlIjo2MDAwMDAwMDAwMDB9LCJzY2hlbWFfdmVyc2lvbiI6IjEifQ==",
          "dependencies": [
            "aws_default_security_group.default",
            "aws_default_vpc.default",
            "aws_security_group.allow_all",
            "data.http.myip",
            "module.key_pair.aws_key_pair.this",
            "random_integer.server",
            "tls_private_key.this"
          ]
        }
      ]
    },
    {
      "mode": "managed",
      "type": "aws_s3_bucket",
      "name": "s3_bucket_production",
      "provider": "provider[\"registry.terraform.io/hashicorp/aws\"]",
      "instances": [
        {
          "schema_version": 0,
          "attributes": {
            "acceleration_status": "",
            "acl": "private",
            "arn": "arn:aws:s3:::es-unir-production-s3-28247-artifacts",
            "bucket": "es-unir-production-s3-28247-artifacts",
            "bucket_domain_name": "es-unir-production-s3-28247-artifacts.s3.amazonaws.com",
            "bucket_prefix": null,
            "bucket_regional_domain_name": "es-unir-production-s3-28247-artifacts.s3.amazonaws.com",
            "cors_rule": [],
            "force_destroy": false,
            "grant": [],
            "hosted_zone_id": "Z3AQBSTGFYJSTF",
            "id": "es-unir-production-s3-28247-artifacts",
            "lifecycle_rule": [],
            "logging": [],
            "object_lock_configuration": [],
            "policy": null,
            "region": "us-east-1",
            "replication_configuration": [],
            "request_payer": "BucketOwner",
            "server_side_encryption_configuration": [],
            "tags": {
              "Country": "es",
              "Environment": "production",
              "Name": "es-unir-production-s3-28247-artifacts",
              "Team": "unir"
            },
            "tags_all": {
              "Country": "es",
              "Environment": "production",
              "Name": "es-unir-production-s3-28247-artifacts",
              "Team": "unir"
            },
            "versioning": [
              {
                "enabled": false,
                "mfa_delete": false
              }
            ],
            "website": [],
            "website_domain": null,
            "website_endpoint": null
          },
          "sensitive_attributes": [],
          "private": "bnVsbA==",
          "dependencies": [
            "random_integer.server"
          ]
        }
      ]
    },
    {
      "mode": "managed",
      "type": "aws_s3_bucket",
      "name": "s3_bucket_staging",
      "provider": "provider[\"registry.terraform.io/hashicorp/aws\"]",
      "instances": [
        {
          "schema_version": 0,
          "attributes": {
            "acceleration_status": "",
            "acl": "private",
            "arn": "arn:aws:s3:::es-unir-staging-s3-28247-artifacts",
            "bucket": "es-unir-staging-s3-28247-artifacts",
            "bucket_domain_name": "es-unir-staging-s3-28247-artifacts.s3.amazonaws.com",
            "bucket_prefix": null,
            "bucket_regional_domain_name": "es-unir-staging-s3-28247-artifacts.s3.amazonaws.com",
            "cors_rule": [],
            "force_destroy": false,
            "grant": [],
            "hosted_zone_id": "Z3AQBSTGFYJSTF",
            "id": "es-unir-staging-s3-28247-artifacts",
            "lifecycle_rule": [],
            "logging": [],
            "object_lock_configuration": [],
            "policy": null,
            "region": "us-east-1",
            "replication_configuration": [],
            "request_payer": "BucketOwner",
            "server_side_encryption_configuration": [],
            "tags": {
              "Country": "es",
              "Environment": "staging",
              "Name": "es-unir-staging-s3-28247-artifacts",
              "Team": "unir"
            },
            "tags_all": {
              "Country": "es",
              "Environment": "staging",
              "Name": "es-unir-staging-s3-28247-artifacts",
              "Team": "unir"
            },
            "versioning": [
              {
                "enabled": false,
                "mfa_delete": false
              }
            ],
            "website": [],
            "website_domain": null,
            "website_endpoint": null
          },
          "sensitive_attributes": [],
          "private": "bnVsbA==",
          "dependencies": [
            "random_integer.server"
          ]
        }
      ]
    },
    {
      "mode": "managed",
      "type": "aws_security_group",
      "name": "allow_all",
      "provider": "provider[\"registry.terraform.io/hashicorp/aws\"]",
      "instances": [
        {
          "schema_version": 1,
          "attributes": {
            "arn": "arn:aws:ec2:us-east-1:222923733616:security-group/sg-0d59f5f6520104a02",
            "description": "Allow all inbound traffic",
            "egress": [
              {
                "cidr_blocks": [
                  "0.0.0.0/0"
                ],
                "description": "",
                "from_port": 0,
                "ipv6_cidr_blocks": [],
                "prefix_list_ids": [],
                "protocol": "-1",
                "security_groups": [],
                "self": false,
                "to_port": 0
              }
            ],
            "id": "sg-0d59f5f6520104a02",
            "ingress": [
              {
                "cidr_blocks": [
                  "34.234.236.105/32",
                  "190.42.137.221/32"
                ],
                "description": "",
                "from_port": 0,
                "ipv6_cidr_blocks": [],
                "prefix_list_ids": [],
                "protocol": "-1",
                "security_groups": [
                  "sg-9022f793"
                ],
                "self": false,
                "to_port": 0
              }
            ],
            "name": "es-unir-ec2-jenkins-all-traffic-28247",
            "name_prefix": "",
            "owner_id": "222923733616",
            "revoke_rules_on_delete": false,
            "tags": {
              "Country": "es",
              "Environment": "production",
              "Name": "es-unir-ec2-production-jenkins-server-securityGroup",
              "Team": "unir"
            },
            "tags_all": {
              "Country": "es",
              "Environment": "production",
              "Name": "es-unir-ec2-production-jenkins-server-securityGroup",
              "Team": "unir"
            },
            "timeouts": null,
            "vpc_id": "vpc-8b9615f6"
          },
          "sensitive_attributes": [],
          "private": "eyJlMmJmYjczMC1lY2FhLTExZTYtOGY4OC0zNDM2M2JjN2M0YzAiOnsiY3JlYXRlIjo2MDAwMDAwMDAwMDAsImRlbGV0ZSI6OTAwMDAwMDAwMDAwfSwic2NoZW1hX3ZlcnNpb24iOiIxIn0=",
          "dependencies": [
            "aws_default_security_group.default",
            "aws_default_vpc.default",
            "data.http.myip",
            "random_integer.server"
          ]
        }
      ]
    },
    {
      "mode": "managed",
      "type": "null_resource",
      "name": "create_pem",
      "provider": "provider[\"registry.terraform.io/hashicorp/null\"]",
      "instances": [
        {
          "schema_version": 0,
          "attributes": {
            "id": "5097012363688061988",
            "triggers": {
              "always_run": "2021-06-12T23:28:17Z"
            }
          },
          "sensitive_attributes": [],
          "private": "bnVsbA==",
          "dependencies": [
            "null_resource.super_secret",
            "tls_private_key.this"
          ]
        }
      ]
    },
    {
      "mode": "managed",
      "type": "null_resource",
      "name": "super_secret",
      "provider": "provider[\"registry.terraform.io/hashicorp/null\"]",
      "instances": [
        {
          "schema_version": 0,
          "attributes": {
            "id": "3652754421245652203",
            "triggers": {
              "always_run": "2021-06-12T23:28:17Z"
            }
          },
          "sensitive_attributes": [],
          "private": "bnVsbA==",
          "dependencies": [
            "tls_private_key.this"
          ]
        }
      ]
    },
    {
      "mode": "managed",
      "type": "random_integer",
      "name": "server",
      "provider": "provider[\"registry.terraform.io/hashicorp/random\"]",
      "instances": [
        {
          "schema_version": 0,
          "attributes": {
            "id": "28247",
            "keepers": {
              "ami_id": "ami-0c429fe566b360025"
            },
            "max": 99999,
            "min": 10000,
            "result": 28247,
            "seed": null
          },
          "sensitive_attributes": [],
          "private": "bnVsbA=="
        }
      ]
    },
    {
      "mode": "managed",
      "type": "tls_private_key",
      "name": "this",
      "provider": "provider[\"registry.terraform.io/hashicorp/tls\"]",
      "instances": [
        {
          "schema_version": 0,
          "attributes": {
            "algorithm": "RSA",
            "ecdsa_curve": "P224",
            "id": "9e93e832983fd95781729550bf07bb89b4056225",
            "private_key_pem": "-----BEGIN RSA PRIVATE KEY-----\nMIIEpAIBAAKCAQEA2V3SOMYSsV3UCNy7DjEr5tN/tiDtpoU62Toqtx6XR6oFU/ac\nbu+qV4M9tfFOErWhBcEEkHxrL9nvRCNeewPf4CHYGLIR8yup0hUZcqGDFpdRi1Y3\nBdub6dQm6Dc0POwlNPuKaM/JC5NIrGY3q20sEl/d/56XCNbFFL+aGW7q/kXQndLH\nC9MhwQtJEuDhoqIPyuR075wY/+d3ccYudijVbwuWDJ5sizuvpbhL8gQyM4Omjsic\n00DvrmfLjXhH0gfVJicNezfyAe9CREUrfVQ5vrSEEqy3FeCBq9+4A0Q3uogCS2al\nakug8LjOmb5IzldhM65RTCHiHHRpFcsSxONTYwIDAQABAoIBAQC1ZZqeTo4i/o6I\npsxj150vkKkvsOMi6GRoDCbBkwHkiHrRyyhZXCDnz1qcj7f73R930dChU3OQB2up\njWq3dlBKl3PjiBd6u6GI9Jq8ExV2sOkYQubAOLkwth+SAx/RB7E1OgYT2fOJeWxY\nkyU6Jm11GBQH0q1wbushmZRcTThG4SqhNdn0lwMoX4EEk4tF8GJ89sQQLBZ4yQOV\n3Xwqltge5fV4ovjdFN7JzM42AsjkStz4M9USZFIrLXXKgVji0ClXlrbHiaBGnZLK\nGyFyshK/GicJeCSbNZXiJuj6x6ng9qP/Zaet+h+K4J5fT5FiTV62dMW6VFxXP69I\ndgM0kRcBAoGBAOeFbNRmkCVBTDFteOrivSkSyxzy9YQ/8MQhdB1EM/y3smCD6IcC\n3o8iDtAq71LnAr6Tcfc7Wwqmb/aRHOVzIFLSFDNAtvlbMIOo+SooVN4+kAOLcJUu\nVhGWUnnc9h+w4n8GOGCQACFNAY4MMIKWE3FbZBv2/tL2rY4Zu80iEWvhAoGBAPBZ\nRXLUqfIJJG8B5S8ntwcfVPjEPM1iCFrCUfIAkdhe/BkGgi00RUF5GqoHcle/mFw3\n/1ERMrGjhVFALQKaBtnI7H8hZPGcQGUcrso9hWOLw+/4MdzM//6ftIvmAdT4BpZS\nHFFhUSVValUEffzOsSmM0dsXfa9TLhUU3JJVCwfDAoGAGoxPNW/pWYxKS2StN+n2\nHO6dwd0OUDLwzdy0LuLyPyllV/HoSQsIMEuMfUxfExeQVgAcUmhJAUiikBiFwr3X\n2Adk75edI6zUPFS09aOYT7/GzdFAgKrGjc+592ViB7JF1qEE9/WrPiZRZlN5gI/q\n/NWo/hftko1cy22h/lzIuKECgYAVl++lYXXjSO79Ci6NDgRjn20C7J6J1UTq4op6\nM5Lm3aHInc0UQp32Q+shW4nqWExX/K/zmJf1XbuckSd6FFyJNIQK5/Upv+AJNYp+\noQha6TOxW5sfO0vElJSj/QYtHBt7ZeUlapjfwczL1pt7GxbPpNc11+Zy2gZJ3pXy\nj7FuAQKBgQCeVns4m2YFDjx26TWGrf04IP4XsEZXMsokC5DmJVFzrGFP6jOd9kG5\n9yUhEi9VkmyUX7EePh8DELpmAu2+4c+f+VSr3x1apv6BUzz6dd8EdB5diXAmDbOk\nTkFJtvyY8HHBxYonCBkZTNQ6v45L0lrY/vtaGLGx4hc7X0DVjD7zog==\n-----END RSA PRIVATE KEY-----\n",
            "public_key_fingerprint_md5": "02:e2:cb:03:d4:bd:a1:44:a0:d1:ad:d2:e2:bf:99:17",
            "public_key_openssh": "ssh-rsa AAAAB3NzaC1yc2EAAAADAQABAAABAQDZXdI4xhKxXdQI3LsOMSvm03+2IO2mhTrZOiq3HpdHqgVT9pxu76pXgz218U4StaEFwQSQfGsv2e9EI157A9/gIdgYshHzK6nSFRlyoYMWl1GLVjcF25vp1CboNzQ87CU0+4poz8kLk0isZjerbSwSX93/npcI1sUUv5oZbur+RdCd0scL0yHBC0kS4OGiog/K5HTvnBj/53dxxi52KNVvC5YMnmyLO6+luEvyBDIzg6aOyJzTQO+uZ8uNeEfSB9UmJw17N/IB70JERSt9VDm+tIQSrLcV4IGr37gDRDe6iAJLZqVqS6DwuM6ZvkjOV2EzrlFMIeIcdGkVyxLE41Nj\n",
            "public_key_pem": "-----BEGIN PUBLIC KEY-----\nMIIBIjANBgkqhkiG9w0BAQEFAAOCAQ8AMIIBCgKCAQEA2V3SOMYSsV3UCNy7DjEr\n5tN/tiDtpoU62Toqtx6XR6oFU/acbu+qV4M9tfFOErWhBcEEkHxrL9nvRCNeewPf\n4CHYGLIR8yup0hUZcqGDFpdRi1Y3Bdub6dQm6Dc0POwlNPuKaM/JC5NIrGY3q20s\nEl/d/56XCNbFFL+aGW7q/kXQndLHC9MhwQtJEuDhoqIPyuR075wY/+d3ccYudijV\nbwuWDJ5sizuvpbhL8gQyM4Omjsic00DvrmfLjXhH0gfVJicNezfyAe9CREUrfVQ5\nvrSEEqy3FeCBq9+4A0Q3uogCS2alakug8LjOmb5IzldhM65RTCHiHHRpFcsSxONT\nYwIDAQAB\n-----END PUBLIC KEY-----\n",
            "rsa_bits": 2048
          },
          "sensitive_attributes": [],
          "private": "bnVsbA=="
        }
      ]
    },
    {
      "module": "module.key_pair",
      "mode": "managed",
      "type": "aws_key_pair",
      "name": "this",
      "provider": "provider[\"registry.terraform.io/hashicorp/aws\"]",
      "instances": [
        {
          "index_key": 0,
          "schema_version": 1,
          "attributes": {
            "arn": "arn:aws:ec2:us-east-1:222923733616:key-pair/es-unir-keypair-28247",
            "fingerprint": "4f:7e:f9:b7:88:5c:12:0a:0b:dc:35:1d:2a:17:7f:9a",
            "id": "es-unir-keypair-28247",
            "key_name": "es-unir-keypair-28247",
            "key_name_prefix": null,
            "key_pair_id": "key-0084744db006436f6",
            "public_key": "ssh-rsa AAAAB3NzaC1yc2EAAAADAQABAAABAQDZXdI4xhKxXdQI3LsOMSvm03+2IO2mhTrZOiq3HpdHqgVT9pxu76pXgz218U4StaEFwQSQfGsv2e9EI157A9/gIdgYshHzK6nSFRlyoYMWl1GLVjcF25vp1CboNzQ87CU0+4poz8kLk0isZjerbSwSX93/npcI1sUUv5oZbur+RdCd0scL0yHBC0kS4OGiog/K5HTvnBj/53dxxi52KNVvC5YMnmyLO6+luEvyBDIzg6aOyJzTQO+uZ8uNeEfSB9UmJw17N/IB70JERSt9VDm+tIQSrLcV4IGr37gDRDe6iAJLZqVqS6DwuM6ZvkjOV2EzrlFMIeIcdGkVyxLE41Nj",
            "tags": null,
            "tags_all": {}
          },
          "sensitive_attributes": [],
          "private": "eyJzY2hlbWFfdmVyc2lvbiI6IjEifQ==",
          "dependencies": [
            "random_integer.server",
            "tls_private_key.this"
          ]
        }
      ]
    }
  ]
}
